
Microsoft Visual Studio Solution File, Format Version 12.00
# Visual Studio 2013
VisualStudioVersion = 12.0.30219.0
MinimumVisualStudioVersion = 10.0.40219.1
Project("{FAE04EC0-301F-11D3-BF4B-00C04F79EFBC}") = "AngularApp", "AngularApp\AngularApp.csproj", "{1299A030-28CB-4471-81D4-E06BF5DAF08F}"
EndProject
Project("{2150E333-8FDC-42A3-9474-1A3956D46DE8}") = "Solution Items", "Solution Items", "{23ED2EA0-FACB-4DA1-ABEB-5F279DF48AEB}"
	ProjectSection(SolutionItems) = preProject
		WebEssentials-Settings.json = WebEssentials-Settings.json
	EndProjectSection
EndProject
Global
	GlobalSection(SolutionConfigurationPlatforms) = preSolution
		Debug|Any CPU = Debug|Any CPU
		Release|Any CPU = Release|Any CPU
	EndGlobalSection
	GlobalSection(ProjectConfigurationPlatforms) = postSolution
		{1299A030-28CB-4471-81D4-E06BF5DAF08F}.Debug|Any CPU.ActiveCfg = Debug|Any CPU
		{1299A030-28CB-4471-81D4-E06BF5DAF08F}.Debug|Any CPU.Build.0 = Debug|Any CPU
		{1299A030-28CB-4471-81D4-E06BF5DAF08F}.Release|Any CPU.ActiveCfg = Release|Any CPU
		{1299A030-28CB-4471-81D4-E06BF5DAF08F}.Release|Any CPU.Build.0 = Release|Any CPU
	EndGlobalSection
	GlobalSection(SolutionProperties) = preSolution
		HideSolutionNode = FALSE
	EndGlobalSection
EndGlobal
